
Microsoft Visual Studio Solution File, Format Version 12.00
# Visual Studio Version 16
VisualStudioVersion = 16.0.31424.327
MinimumVisualStudioVersion = 10.0.40219.1
Project("{FAE04EC0-301F-11D3-BF4B-00C04F79EFBC}") = "DoctorApp", "DoctorApp\DoctorApp.csproj", "{BE10B2EA-085F-43EA-90F7-D2BBFA0EB408}"
EndProject
Global
	GlobalSection(SolutionConfigurationPlatforms) = preSolution
		Debug|Any CPU = Debug|Any CPU
		Release|Any CPU = Release|Any CPU
	EndGlobalSection
	GlobalSection(ProjectConfigurationPlatforms) = postSolution
		{BE10B2EA-085F-43EA-90F7-D2BBFA0EB408}.Debug|Any CPU.ActiveCfg = Debug|Any CPU
		{BE10B2EA-085F-43EA-90F7-D2BBFA0EB408}.Debug|Any CPU.Build.0 = Debug|Any CPU
		{BE10B2EA-085F-43EA-90F7-D2BBFA0EB408}.Release|Any CPU.ActiveCfg = Release|Any CPU
		{BE10B2EA-085F-43EA-90F7-D2BBFA0EB408}.Release|Any CPU.Build.0 = Release|Any CPU
	EndGlobalSection
	GlobalSection(SolutionProperties) = preSolution
		HideSolutionNode = FALSE
	EndGlobalSection
	GlobalSection(ExtensibilityGlobals) = postSolution
		SolutionGuid = {E34F722F-DA48-4E24-98E6-3197DF755E05}
	EndGlobalSection
EndGlobal
